<?xml version="1.0" encoding="utf-8"?>
<Project ToolsVersion="4.0" xmlns="http://schemas.microsoft.com/developer/msbuild/2003">
  <ItemGroup>
    <Filter Include="Source Files">
      <UniqueIdentifier>{4FC737F1-C7A5-4376-A066-2A32D752A2FF}</UniqueIdentifier>
      <Extensions>cpp;c;cc;cxx;def;odl;idl;hpj;bat;asm;asmx</Extensions>
    </Filter>
    <Filter Include="Header Files">
      <UniqueIdentifier>{93995380-89BD-4b04-88EB-625FBE52EBFB}</UniqueIdentifier>
      <Extensions>h;hpp;hxx;hm;inl;inc;xsd</Extensions>
    </Filter>
    <Filter Include="Resource Files">
      <UniqueIdentifier>{67DA6AB6-F800-4c08-8B7A-83BB121AAD01}</UniqueIdentifier>
      <Extensions>rc;ico;cur;bmp;dlg;rc2;rct;bin;rgs;gif;jpg;jpeg;jpe;resx;tiff;tif;png;wav;mfcribbon-ms</Extensions>
    </Filter>
    <Filter Include="Header Files\User">
      <UniqueIdentifier>{bb835e0a-1d67-4215-ba8e-a1c9a51061f4}</UniqueIdentifier>
    </Filter>
    <Filter Include="Header Files\StockMarket">
      <UniqueIdentifier>{a1c9624a-68cc-4413-a974-08f624212a0a}</UniqueIdentifier>
    </Filter>
    <Filter Include="Source Files\User">
      <UniqueIdentifier>{223385c6-871b-49d3-8001-ca94b866f1c6}</UniqueIdentifier>
    </Filter>
    <Filter Include="Source Files\StockMarket">
      <UniqueIdentifier>{c182176e-f432-4e26-aeb4-f2a7fd8f944d}</UniqueIdentifier>
    </Filter>
    <Filter Include="Header Files\FSM">
      <UniqueIdentifier>{9aa8e32c-4995-41f0-9f3e-e656bed1ac85}</UniqueIdentifier>
    </Filter>
    <Filter Include="Source Files\Pages">
      <UniqueIdentifier>{02746286-b288-423b-8098-c1c216a5064d}</UniqueIdentifier>
    </Filter>
    <Filter Include="Header Files\Pages">
      <UniqueIdentifier>{773632e6-2787-460a-be55-6ee8904f22d3}</UniqueIdentifier>
    </Filter>
  </ItemGroup>
  <ItemGroup>
    <ClInclude Include="User.h">
      <Filter>Header Files\User</Filter>
    </ClInclude>
    <ClInclude Include="TransactionItem.h">
      <Filter>Header Files\User</Filter>
    </ClInclude>
    <ClInclude Include="StockRecord.h">
      <Filter>Header Files\User</Filter>
    </ClInclude>
    <ClInclude Include="StockMarket.h">
      <Filter>Header Files\StockMarket</Filter>
    </ClInclude>
    <ClInclude Include="Stock.h">
      <Filter>Header Files\StockMarket</Filter>
    </ClInclude>
    <ClInclude Include="DataManager.h">
      <Filter>Header Files</Filter>
    </ClInclude>
    <ClInclude Include="FSM.h">
      <Filter>Header Files\FSM</Filter>
    </ClInclude>
    <ClInclude Include="StockSystem.h">
      <Filter>Header Files</Filter>
    </ClInclude>
    <ClInclude Include="EmptyPage.h">
      <Filter>Header Files\FSM</Filter>
    </ClInclude>
    <ClInclude Include="Login.h">
      <Filter>Header Files\Pages</Filter>
    </ClInclude>
    <ClInclude Include="Logout.h">
      <Filter>Header Files\Pages</Filter>
    </ClInclude>
    <ClInclude Include="Selection.h">
      <Filter>Header Files\Pages</Filter>
    </ClInclude>
    <ClInclude Include="Buy.h">
      <Filter>Header Files\Pages</Filter>
    </ClInclude>
    <ClInclude Include="Sell.h">
      <Filter>Header Files\Pages</Filter>
    </ClInclude>
    <ClInclude Include="Inquiry.h">
      <Filter>Header Files\Pages</Filter>
    </ClInclude>
    <ClInclude Include="Utility.h">
      <Filter>Header Files</Filter>
    </ClInclude>
    <ClInclude Include="Welcome.h">
      <Filter>Header Files\Pages</Filter>
    </ClInclude>
    <ClInclude Include="StockPool.h">
      <Filter>Header Files\Pages</Filter>
    </ClInclude>
  </ItemGroup>
  <ItemGroup>
    <ClCompile Include="DataManager.cpp">
      <Filter>Source Files</Filter>
    </ClCompile>
    <ClCompile Include="User.cpp">
      <Filter>Source Files\User</Filter>
    </ClCompile>
    <ClCompile Include="TransactionItem.cpp">
      <Filter>Source Files\User</Filter>
    </ClCompile>
    <ClCompile Include="StockRecord.cpp">
      <Filter>Source Files\User</Filter>
    </ClCompile>
    <ClCompile Include="StockMarket.cpp">
      <Filter>Source Files\StockMarket</Filter>
    </ClCompile>
    <ClCompile Include="Stock.cpp">
      <Filter>Source Files\StockMarket</Filter>
    </ClCompile>
    <ClCompile Include="Login.cpp">
      <Filter>Source Files\Pages</Filter>
    </ClCompile>
    <ClCompile Include="Logout.cpp">
      <Filter>Source Files\Pages</Filter>
    </ClCompile>
    <ClCompile Include="Inquiry.cpp">
      <Filter>Source Files\Pages</Filter>
    </ClCompile>
    <ClCompile Include="Selection.cpp">
      <Filter>Source Files\Pages</Filter>
    </ClCompile>
    <ClCompile Include="Buy.cpp">
      <Filter>Source Files\Pages</Filter>
    </ClCompile>
    <ClCompile Include="Sell.cpp">
      <Filter>Source Files\Pages</Filter>
    </ClCompile>
    <ClCompile Include="StockSystem.cpp">
      <Filter>Source Files</Filter>
    </ClCompile>
    <ClCompile Include="Source.cpp">
      <Filter>Source Files</Filter>
    </ClCompile>
    <ClCompile Include="Welcome.cpp">
      <Filter>Source Files\Pages</Filter>
    </ClCompile>
    <ClCompile Include="StockPool.cpp">
      <Filter>Source Files\Pages</Filter>
    </ClCompile>
  </ItemGroup>
</Project>